<?xml version="1.0" encoding="utf-8"?>
<Project ToolsVersion="4.0" xmlns="http://schemas.microsoft.com/developer/msbuild/2003">
  <ItemGroup>
    <Filter Include="Resources">
      <UniqueIdentifier>e5b19070-5525-473e-a88e-ca91686ca7e7</UniqueIdentifier>
      <Extensions>rc;ico;cur;bmp;dlg;rc2;rct;bin;rgs;gif;jpg;jpeg;jpe;resx;tiff;tif;png;wav;mfcribbon-ms</Extensions>
    </Filter>
    <Filter Include="ViewModels">
      <UniqueIdentifier>{3d499e62-f558-4ce2-bc75-5bb7e370ebd7}</UniqueIdentifier>
    </Filter>
    <Filter Include="Http">
      <UniqueIdentifier>{77660e3c-2c34-4546-9818-01084769c8fb}</UniqueIdentifier>
    </Filter>
  </ItemGroup>
  <ItemGroup>
    <ClCompile Include="pch.cpp" />
    <ClCompile Include="SQLite.cpp" />
    <ClCompile Include="sqlite3.c" />
    <ClCompile Include="SQLiteStatement.cpp" />
  </ItemGroup>
  <ItemGroup>
    <ClInclude Include="pch.h" />
    <ClInclude Include="resource.h" />
    <ClInclude Include="SQLite.h" />
    <ClInclude Include="sqlite3.h" />
    <ClInclude Include="sqlite3ext.h" />
    <ClInclude Include="SQLiteStatement.h" />
  </ItemGroup>
</Project>